
Microsoft Visual Studio Solution File, Format Version 12.00
# Visual Studio Version 16
VisualStudioVersion = 16.0.30413.136
MinimumVisualStudioVersion = 10.0.40219.1
Project("{9A19103F-16F7-4668-BE54-9A1E7A4F7556}") = "StringLibrary", "StringLibrary\StringLibrary.csproj", "{93A1AAF4-5E7E-4A3E-94C9-456267F15ABA}"
EndProject
Project("{9A19103F-16F7-4668-BE54-9A1E7A4F7556}") = "ShowCase", "ShowCase\ShowCase.csproj", "{AE626CD7-018E-4792-BA01-CD286B97D261}"
EndProject
Project("{9A19103F-16F7-4668-BE54-9A1E7A4F7556}") = "StringLibraryTest", "StringLibraryTest\StringLibraryTest.csproj", "{B78BE7F6-A3A8-4034-8E58-FFC7EF855CA6}"
EndProject
Project("{9A19103F-16F7-4668-BE54-9A1E7A4F7556}") = "Calculator", "Calculator\Calculator.csproj", "{0225343B-3A1F-4441-B504-1BD54A3FDF7B}"
EndProject
Project("{9A19103F-16F7-4668-BE54-9A1E7A4F7556}") = "CalculatorTest", "CalculatorTest\CalculatorTest.csproj", "{EF40111E-5133-4E92-80D1-472548761F7A}"
EndProject
Project("{9A19103F-16F7-4668-BE54-9A1E7A4F7556}") = "ConsoleApp1", "ConsoleApp1\ConsoleApp1.csproj", "{73F3A4DE-2ED7-463F-AED2-FCC1545A67D6}"
EndProject
Project("{2150E333-8FDC-42A3-9474-1A3956D46DE8}") = "Portfolio", "Portfolio", "{CF0B14E6-9001-4ACA-9F7F-CDC33499E8F5}"
	ProjectSection(SolutionItems) = preProject
		About.html = About.html
		Images\github_pic.webp = Images\github_pic.webp
		Index.html = Index.html
		Images\Logos\sj.png = Images\Logos\sj.png
		Styles.css = Styles.css
	EndProjectSection
EndProject
Project("{9A19103F-16F7-4668-BE54-9A1E7A4F7556}") = "ModelLib", "Fan_System1\ModelLib.csproj", "{0C61B9EF-81A2-44D2-ACD6-17BF016254FE}"
EndProject
Project("{2150E333-8FDC-42A3-9474-1A3956D46DE8}") = "Tests", "Tests", "{BF039A5F-61A7-48C4-B844-37059000695B}"
EndProject
Project("{9A19103F-16F7-4668-BE54-9A1E7A4F7556}") = "FanOutputTest", "FanOutputTest\FanOutputTest.csproj", "{E8899CB1-72A2-4551-BA72-4630F35FF1A7}"
	ProjectSection(ProjectDependencies) = postProject
		{0C61B9EF-81A2-44D2-ACD6-17BF016254FE} = {0C61B9EF-81A2-44D2-ACD6-17BF016254FE}
	EndProjectSection
EndProject
Project("{2150E333-8FDC-42A3-9474-1A3956D46DE8}") = "Responsive_Design", "Responsive_Design", "{C99A78F1-9E8A-41A6-B771-96C198A842C1}"
	ProjectSection(SolutionItems) = preProject
		Original_files\lvstyle.css = Original_files\lvstyle.css
		New_Design.html = New_Design.html
		Original.html = Original.html
		StylesRD.css = StylesRD.css
	EndProjectSection
EndProject
Project("{2150E333-8FDC-42A3-9474-1A3956D46DE8}") = "String_Receiver", "String_Receiver", "{F46BCDA5-6EB5-4C8F-B04B-47D4A50E1E77}"
	ProjectSection(SolutionItems) = preProject
		StringPage.html = StringPage.html
		StringPage.js = StringPage.js
		StringPage.ts = StringPage.ts
		StringPageStyles.css = StringPageStyles.css
	EndProjectSection
EndProject
Project("{9A19103F-16F7-4668-BE54-9A1E7A4F7556}") = "RestAPI", "RestAPI\RestAPI.csproj", "{0505DB82-F978-4EA2-B377-2FC25802335D}"
EndProject
Project("{9A19103F-16F7-4668-BE54-9A1E7A4F7556}") = "TCP Server", "TCP Server\TCP Server.csproj", "{8D2DC213-0E49-4959-BBE1-C19AA2D2D628}"
EndProject
Project("{9A19103F-16F7-4668-BE54-9A1E7A4F7556}") = "TCP Client", "Client\TCP Client.csproj", "{96B733F3-7EB1-4F25-9555-2A1B8C8079E7}"
EndProject
Project("{9A19103F-16F7-4668-BE54-9A1E7A4F7556}") = "RestAPITests", "FanControllerTests\RestAPITests.csproj", "{8C2A8BB4-E06F-4CFC-AD41-110458D00CCF}"
EndProject
Project("{FAE04EC0-301F-11D3-BF4B-00C04F79EFBC}") = "ConsoleConsumer", "ConsoleConsumer\ConsoleConsumer.csproj", "{A1B4BDFE-3C87-4C1A-BB4A-14ADA737B8E9}"
EndProject
Global
	GlobalSection(SolutionConfigurationPlatforms) = preSolution
		Debug|Any CPU = Debug|Any CPU
		Release|Any CPU = Release|Any CPU
	EndGlobalSection
	GlobalSection(ProjectConfigurationPlatforms) = postSolution
		{93A1AAF4-5E7E-4A3E-94C9-456267F15ABA}.Debug|Any CPU.ActiveCfg = Debug|Any CPU
		{93A1AAF4-5E7E-4A3E-94C9-456267F15ABA}.Debug|Any CPU.Build.0 = Debug|Any CPU
		{93A1AAF4-5E7E-4A3E-94C9-456267F15ABA}.Release|Any CPU.ActiveCfg = Release|Any CPU
		{93A1AAF4-5E7E-4A3E-94C9-456267F15ABA}.Release|Any CPU.Build.0 = Release|Any CPU
		{AE626CD7-018E-4792-BA01-CD286B97D261}.Debug|Any CPU.ActiveCfg = Debug|Any CPU
		{AE626CD7-018E-4792-BA01-CD286B97D261}.Debug|Any CPU.Build.0 = Debug|Any CPU
		{AE626CD7-018E-4792-BA01-CD286B97D261}.Release|Any CPU.ActiveCfg = Release|Any CPU
		{AE626CD7-018E-4792-BA01-CD286B97D261}.Release|Any CPU.Build.0 = Release|Any CPU
		{B78BE7F6-A3A8-4034-8E58-FFC7EF855CA6}.Debug|Any CPU.ActiveCfg = Debug|Any CPU
		{B78BE7F6-A3A8-4034-8E58-FFC7EF855CA6}.Debug|Any CPU.Build.0 = Debug|Any CPU
		{B78BE7F6-A3A8-4034-8E58-FFC7EF855CA6}.Release|Any CPU.ActiveCfg = Release|Any CPU
		{B78BE7F6-A3A8-4034-8E58-FFC7EF855CA6}.Release|Any CPU.Build.0 = Release|Any CPU
		{0225343B-3A1F-4441-B504-1BD54A3FDF7B}.Debug|Any CPU.ActiveCfg = Debug|Any CPU
		{0225343B-3A1F-4441-B504-1BD54A3FDF7B}.Debug|Any CPU.Build.0 = Debug|Any CPU
		{0225343B-3A1F-4441-B504-1BD54A3FDF7B}.Release|Any CPU.ActiveCfg = Release|Any CPU
		{0225343B-3A1F-4441-B504-1BD54A3FDF7B}.Release|Any CPU.Build.0 = Release|Any CPU
		{EF40111E-5133-4E92-80D1-472548761F7A}.Debug|Any CPU.ActiveCfg = Debug|Any CPU
		{EF40111E-5133-4E92-80D1-472548761F7A}.Debug|Any CPU.Build.0 = Debug|Any CPU
		{EF40111E-5133-4E92-80D1-472548761F7A}.Release|Any CPU.ActiveCfg = Release|Any CPU
		{EF40111E-5133-4E92-80D1-472548761F7A}.Release|Any CPU.Build.0 = Release|Any CPU
		{73F3A4DE-2ED7-463F-AED2-FCC1545A67D6}.Debug|Any CPU.ActiveCfg = Debug|Any CPU
		{73F3A4DE-2ED7-463F-AED2-FCC1545A67D6}.Debug|Any CPU.Build.0 = Debug|Any CPU
		{73F3A4DE-2ED7-463F-AED2-FCC1545A67D6}.Release|Any CPU.ActiveCfg = Release|Any CPU
		{73F3A4DE-2ED7-463F-AED2-FCC1545A67D6}.Release|Any CPU.Build.0 = Release|Any CPU
		{0C61B9EF-81A2-44D2-ACD6-17BF016254FE}.Debug|Any CPU.ActiveCfg = Debug|Any CPU
		{0C61B9EF-81A2-44D2-ACD6-17BF016254FE}.Debug|Any CPU.Build.0 = Debug|Any CPU
		{0C61B9EF-81A2-44D2-ACD6-17BF016254FE}.Release|Any CPU.ActiveCfg = Release|Any CPU
		{0C61B9EF-81A2-44D2-ACD6-17BF016254FE}.Release|Any CPU.Build.0 = Release|Any CPU
		{E8899CB1-72A2-4551-BA72-4630F35FF1A7}.Debug|Any CPU.ActiveCfg = Debug|Any CPU
		{E8899CB1-72A2-4551-BA72-4630F35FF1A7}.Debug|Any CPU.Build.0 = Debug|Any CPU
		{E8899CB1-72A2-4551-BA72-4630F35FF1A7}.Release|Any CPU.ActiveCfg = Release|Any CPU
		{E8899CB1-72A2-4551-BA72-4630F35FF1A7}.Release|Any CPU.Build.0 = Release|Any CPU
		{0505DB82-F978-4EA2-B377-2FC25802335D}.Debug|Any CPU.ActiveCfg = Debug|Any CPU
		{0505DB82-F978-4EA2-B377-2FC25802335D}.Debug|Any CPU.Build.0 = Debug|Any CPU
		{0505DB82-F978-4EA2-B377-2FC25802335D}.Release|Any CPU.ActiveCfg = Release|Any CPU
		{0505DB82-F978-4EA2-B377-2FC25802335D}.Release|Any CPU.Build.0 = Release|Any CPU
		{8D2DC213-0E49-4959-BBE1-C19AA2D2D628}.Debug|Any CPU.ActiveCfg = Debug|Any CPU
		{8D2DC213-0E49-4959-BBE1-C19AA2D2D628}.Debug|Any CPU.Build.0 = Debug|Any CPU
		{8D2DC213-0E49-4959-BBE1-C19AA2D2D628}.Release|Any CPU.ActiveCfg = Release|Any CPU
		{8D2DC213-0E49-4959-BBE1-C19AA2D2D628}.Release|Any CPU.Build.0 = Release|Any CPU
		{96B733F3-7EB1-4F25-9555-2A1B8C8079E7}.Debug|Any CPU.ActiveCfg = Debug|Any CPU
		{96B733F3-7EB1-4F25-9555-2A1B8C8079E7}.Debug|Any CPU.Build.0 = Debug|Any CPU
		{96B733F3-7EB1-4F25-9555-2A1B8C8079E7}.Release|Any CPU.ActiveCfg = Release|Any CPU
		{96B733F3-7EB1-4F25-9555-2A1B8C8079E7}.Release|Any CPU.Build.0 = Release|Any CPU
		{8C2A8BB4-E06F-4CFC-AD41-110458D00CCF}.Debug|Any CPU.ActiveCfg = Debug|Any CPU
		{8C2A8BB4-E06F-4CFC-AD41-110458D00CCF}.Debug|Any CPU.Build.0 = Debug|Any CPU
		{8C2A8BB4-E06F-4CFC-AD41-110458D00CCF}.Release|Any CPU.ActiveCfg = Release|Any CPU
		{8C2A8BB4-E06F-4CFC-AD41-110458D00CCF}.Release|Any CPU.Build.0 = Release|Any CPU
		{A1B4BDFE-3C87-4C1A-BB4A-14ADA737B8E9}.Debug|Any CPU.ActiveCfg = Debug|Any CPU
		{A1B4BDFE-3C87-4C1A-BB4A-14ADA737B8E9}.Debug|Any CPU.Build.0 = Debug|Any CPU
		{A1B4BDFE-3C87-4C1A-BB4A-14ADA737B8E9}.Release|Any CPU.ActiveCfg = Release|Any CPU
		{A1B4BDFE-3C87-4C1A-BB4A-14ADA737B8E9}.Release|Any CPU.Build.0 = Release|Any CPU
	EndGlobalSection
	GlobalSection(SolutionProperties) = preSolution
		HideSolutionNode = FALSE
	EndGlobalSection
	GlobalSection(NestedProjects) = preSolution
		{B78BE7F6-A3A8-4034-8E58-FFC7EF855CA6} = {BF039A5F-61A7-48C4-B844-37059000695B}
		{EF40111E-5133-4E92-80D1-472548761F7A} = {BF039A5F-61A7-48C4-B844-37059000695B}
		{E8899CB1-72A2-4551-BA72-4630F35FF1A7} = {BF039A5F-61A7-48C4-B844-37059000695B}
		{8C2A8BB4-E06F-4CFC-AD41-110458D00CCF} = {BF039A5F-61A7-48C4-B844-37059000695B}
	EndGlobalSection
	GlobalSection(ExtensibilityGlobals) = postSolution
		SolutionGuid = {4A46FB09-5F29-4390-92DE-2E6DDEFFDA0F}
	EndGlobalSection
EndGlobal
